
Microsoft Visual Studio Solution File, Format Version 12.00
# Visual Studio Version 16
VisualStudioVersion = 16.0.32413.511
MinimumVisualStudioVersion = 10.0.40219.1
Project("{FAE04EC0-301F-11D3-BF4B-00C04F79EFBC}") = "facturationClient", "facturationClient\facturationClient.csproj", "{6B74DD2B-5020-41F9-8F4E-4EC784BAC5A5}"
EndProject
Global
	GlobalSection(SolutionConfigurationPlatforms) = preSolution
		Debug|Any CPU = Debug|Any CPU
		Release|Any CPU = Release|Any CPU
	EndGlobalSection
	GlobalSection(ProjectConfigurationPlatforms) = postSolution
		{6B74DD2B-5020-41F9-8F4E-4EC784BAC5A5}.Debug|Any CPU.ActiveCfg = Debug|Any CPU
		{6B74DD2B-5020-41F9-8F4E-4EC784BAC5A5}.Debug|Any CPU.Build.0 = Debug|Any CPU
		{6B74DD2B-5020-41F9-8F4E-4EC784BAC5A5}.Release|Any CPU.ActiveCfg = Release|Any CPU
		{6B74DD2B-5020-41F9-8F4E-4EC784BAC5A5}.Release|Any CPU.Build.0 = Release|Any CPU
	EndGlobalSection
	GlobalSection(SolutionProperties) = preSolution
		HideSolutionNode = FALSE
	EndGlobalSection
	GlobalSection(ExtensibilityGlobals) = postSolution
		SolutionGuid = {122984FD-3CE2-4699-803C-4ACFF4A29651}
	EndGlobalSection
EndGlobal
